
Microsoft Visual Studio Solution File, Format Version 12.00
# Visual Studio Version 16
VisualStudioVersion = 16.0.29215.179
MinimumVisualStudioVersion = 10.0.40219.1
Project("{FAE04EC0-301F-11D3-BF4B-00C04F79EFBC}") = "Код Лабораторной 8 (1-6) шарп", "Код Лабораторной 8 (1-6) шарп.csproj", "{DEBCBF0C-36EF-4B4C-BBA7-6C7C09D4E4C9}"
EndProject
Global
	GlobalSection(SolutionConfigurationPlatforms) = preSolution
		Debug|Any CPU = Debug|Any CPU
		Release|Any CPU = Release|Any CPU
	EndGlobalSection
	GlobalSection(ProjectConfigurationPlatforms) = postSolution
		{DEBCBF0C-36EF-4B4C-BBA7-6C7C09D4E4C9}.Debug|Any CPU.ActiveCfg = Debug|Any CPU
		{DEBCBF0C-36EF-4B4C-BBA7-6C7C09D4E4C9}.Debug|Any CPU.Build.0 = Debug|Any CPU
		{DEBCBF0C-36EF-4B4C-BBA7-6C7C09D4E4C9}.Release|Any CPU.ActiveCfg = Release|Any CPU
		{DEBCBF0C-36EF-4B4C-BBA7-6C7C09D4E4C9}.Release|Any CPU.Build.0 = Release|Any CPU
	EndGlobalSection
	GlobalSection(SolutionProperties) = preSolution
		HideSolutionNode = FALSE
	EndGlobalSection
	GlobalSection(ExtensibilityGlobals) = postSolution
		SolutionGuid = {CD3A9457-0ACD-43E9-AFE7-F1DB48694060}
	EndGlobalSection
EndGlobal
