
Microsoft Visual Studio Solution File, Format Version 12.00
# Visual Studio Version 16
VisualStudioVersion = 16.0.29215.179
MinimumVisualStudioVersion = 10.0.40219.1
Project("{FAE04EC0-301F-11D3-BF4B-00C04F79EFBC}") = "Код Лабораторной 12 (1-5)", "Код Лабораторной 12 (1-5).csproj", "{EDAAB913-1CC7-4B43-9D08-E9536DC63E9C}"
EndProject
Global
	GlobalSection(SolutionConfigurationPlatforms) = preSolution
		Debug|Any CPU = Debug|Any CPU
		Release|Any CPU = Release|Any CPU
	EndGlobalSection
	GlobalSection(ProjectConfigurationPlatforms) = postSolution
		{EDAAB913-1CC7-4B43-9D08-E9536DC63E9C}.Debug|Any CPU.ActiveCfg = Debug|Any CPU
		{EDAAB913-1CC7-4B43-9D08-E9536DC63E9C}.Debug|Any CPU.Build.0 = Debug|Any CPU
		{EDAAB913-1CC7-4B43-9D08-E9536DC63E9C}.Release|Any CPU.ActiveCfg = Release|Any CPU
		{EDAAB913-1CC7-4B43-9D08-E9536DC63E9C}.Release|Any CPU.Build.0 = Release|Any CPU
	EndGlobalSection
	GlobalSection(SolutionProperties) = preSolution
		HideSolutionNode = FALSE
	EndGlobalSection
	GlobalSection(ExtensibilityGlobals) = postSolution
		SolutionGuid = {F9BB05E9-9348-47CD-A372-129C2AC42D4C}
	EndGlobalSection
EndGlobal
