
Microsoft Visual Studio Solution File, Format Version 12.00
# Visual Studio Version 16
VisualStudioVersion = 16.0.29215.179
MinimumVisualStudioVersion = 10.0.40219.1
Project("{FAE04EC0-301F-11D3-BF4B-00C04F79EFBC}") = "Код Лабораторной 14 (1-6)", "Код Лабораторной 14 (1-6).csproj", "{0C220859-6AE6-4F1C-861C-410D3B19B1A9}"
EndProject
Global
	GlobalSection(SolutionConfigurationPlatforms) = preSolution
		Debug|Any CPU = Debug|Any CPU
		Release|Any CPU = Release|Any CPU
	EndGlobalSection
	GlobalSection(ProjectConfigurationPlatforms) = postSolution
		{0C220859-6AE6-4F1C-861C-410D3B19B1A9}.Debug|Any CPU.ActiveCfg = Debug|Any CPU
		{0C220859-6AE6-4F1C-861C-410D3B19B1A9}.Debug|Any CPU.Build.0 = Debug|Any CPU
		{0C220859-6AE6-4F1C-861C-410D3B19B1A9}.Release|Any CPU.ActiveCfg = Release|Any CPU
		{0C220859-6AE6-4F1C-861C-410D3B19B1A9}.Release|Any CPU.Build.0 = Release|Any CPU
	EndGlobalSection
	GlobalSection(SolutionProperties) = preSolution
		HideSolutionNode = FALSE
	EndGlobalSection
	GlobalSection(ExtensibilityGlobals) = postSolution
		SolutionGuid = {5617713D-29BC-4100-AC18-904C5609CC35}
	EndGlobalSection
EndGlobal
