
Microsoft Visual Studio Solution File, Format Version 12.00
# Visual Studio Version 16
VisualStudioVersion = 16.0.29215.179
MinimumVisualStudioVersion = 10.0.40219.1
Project("{FAE04EC0-301F-11D3-BF4B-00C04F79EFBC}") = "Код Лабораторной 2 (1-5) шарп", "Код Лабораторной 2 (1-5) шарп.csproj", "{AA9A0064-81A1-41F6-B04C-BA7295BA44CF}"
EndProject
Global
	GlobalSection(SolutionConfigurationPlatforms) = preSolution
		Debug|Any CPU = Debug|Any CPU
		Release|Any CPU = Release|Any CPU
	EndGlobalSection
	GlobalSection(ProjectConfigurationPlatforms) = postSolution
		{AA9A0064-81A1-41F6-B04C-BA7295BA44CF}.Debug|Any CPU.ActiveCfg = Debug|Any CPU
		{AA9A0064-81A1-41F6-B04C-BA7295BA44CF}.Debug|Any CPU.Build.0 = Debug|Any CPU
		{AA9A0064-81A1-41F6-B04C-BA7295BA44CF}.Release|Any CPU.ActiveCfg = Release|Any CPU
		{AA9A0064-81A1-41F6-B04C-BA7295BA44CF}.Release|Any CPU.Build.0 = Release|Any CPU
	EndGlobalSection
	GlobalSection(SolutionProperties) = preSolution
		HideSolutionNode = FALSE
	EndGlobalSection
	GlobalSection(ExtensibilityGlobals) = postSolution
		SolutionGuid = {150AB402-49AA-447B-BBDF-3172B47C931E}
	EndGlobalSection
EndGlobal
