
Microsoft Visual Studio Solution File, Format Version 12.00
# Visual Studio Version 16
VisualStudioVersion = 16.0.29215.179
MinimumVisualStudioVersion = 10.0.40219.1
Project("{FAE04EC0-301F-11D3-BF4B-00C04F79EFBC}") = "Код Лабораторной 4 (1-6) шарп", "Код Лабораторной 4 (1-6) шарп.csproj", "{6C51D273-E07F-4E20-AC29-8AD95D0BFB3D}"
EndProject
Global
	GlobalSection(SolutionConfigurationPlatforms) = preSolution
		Debug|Any CPU = Debug|Any CPU
		Release|Any CPU = Release|Any CPU
	EndGlobalSection
	GlobalSection(ProjectConfigurationPlatforms) = postSolution
		{6C51D273-E07F-4E20-AC29-8AD95D0BFB3D}.Debug|Any CPU.ActiveCfg = Debug|Any CPU
		{6C51D273-E07F-4E20-AC29-8AD95D0BFB3D}.Debug|Any CPU.Build.0 = Debug|Any CPU
		{6C51D273-E07F-4E20-AC29-8AD95D0BFB3D}.Release|Any CPU.ActiveCfg = Release|Any CPU
		{6C51D273-E07F-4E20-AC29-8AD95D0BFB3D}.Release|Any CPU.Build.0 = Release|Any CPU
	EndGlobalSection
	GlobalSection(SolutionProperties) = preSolution
		HideSolutionNode = FALSE
	EndGlobalSection
	GlobalSection(ExtensibilityGlobals) = postSolution
		SolutionGuid = {23ABF029-CAC7-4948-ACCA-2752FEC1582B}
	EndGlobalSection
EndGlobal
